PODS:
  - Alamofire (1.3.1)
  - JDStatusBarNotification (1.5.2)
  - M2DWebViewController (0.1.11)
  - OAuthSwift (0.3.6)
  - Realm (0.94.1):
    - Realm/Headers (= 0.94.1)
  - Realm/Headers (0.94.1)
  - RealmSwift (0.94.1):
    - Realm (= 0.94.1)
  - SDWebImage (3.7.3):
    - SDWebImage/Core (= 3.7.3)
  - SDWebImage/Core (3.7.3)
  - SwiftyJSON (2.2.1)

DEPENDENCIES:
  - Alamofire (~> 1.2)
  - JDStatusBarNotification
  - M2DWebViewController
  - OAuthSwift (~> 0.3.6)
  - RealmSwift (= 0.94.1)
  - SDWebImage
  - SwiftyJSON (~> 2.2)

SPEC CHECKSUMS:
  Alamofire: e4ab637e3195b645c814b87a652373439e59f2a4
  JDStatusBarNotification: a36d09ccbb047217572b074a61e7ca10dddc5f0a
  M2DWebViewController: ccdbbe41b792a4111672b8ad7e85b04500e6df30
  OAuthSwift: 3517e94380923085dfa7f23421bc3d4a61ce48c0
  Realm: d999a6cf0b41577a077349c9cc9d496cc62a7d17
  RealmSwift: 06b60ff5b1338755654d39aab44ac38001600f76
  SDWebImage: 1d2b1a1efda1ade1b00b6f8498865f8ddedc8a84
  SwiftyJSON: ae2d0a3d68025d136602a33c4ee215091ced3e33

COCOAPODS: 0.37.2
